
Microsoft Visual Studio Solution File, Format Version 12.00
# Visual Studio Version 17
VisualStudioVersion = 17.4.33122.133
MinimumVisualStudioVersion = 10.0.40219.1
Project("{9A19103F-16F7-4668-BE54-9A1E7A4F7556}") = "MyConsole", "ConsoleApp10\MyConsole.csproj", "{88458BA7-2C0B-45C2-B517-EAC896542118}"
EndProject
Global
	GlobalSection(SolutionConfigurationPlatforms) = preSolution
		Debug|Any CPU = Debug|Any CPU
		Release|Any CPU = Release|Any CPU
	EndGlobalSection
	GlobalSection(ProjectConfigurationPlatforms) = postSolution
		{88458BA7-2C0B-45C2-B517-EAC896542118}.Debug|Any CPU.ActiveCfg = Debug|Any CPU
		{88458BA7-2C0B-45C2-B517-EAC896542118}.Debug|Any CPU.Build.0 = Debug|Any CPU
		{88458BA7-2C0B-45C2-B517-EAC896542118}.Release|Any CPU.ActiveCfg = Release|Any CPU
		{88458BA7-2C0B-45C2-B517-EAC896542118}.Release|Any CPU.Build.0 = Release|Any CPU
	EndGlobalSection
	GlobalSection(SolutionProperties) = preSolution
		HideSolutionNode = FALSE
	EndGlobalSection
	GlobalSection(ExtensibilityGlobals) = postSolution
		SolutionGuid = {CAE0611E-FDEC-4525-920E-4D0FC25B620C}
	EndGlobalSection
EndGlobal
